
Microsoft Visual Studio Solution File, Format Version 12.00
# Visual Studio Version 17
VisualStudioVersion = 17.3.32825.248
MinimumVisualStudioVersion = 10.0.40219.1
Project("{FAE04EC0-301F-11D3-BF4B-00C04F79EFBC}") = "FirtstBlazor", "FirtstBlazor.csproj", "{EBF01E44-0EA5-407B-8922-CA3365AB9261}"
EndProject
Global
	GlobalSection(SolutionConfigurationPlatforms) = preSolution
		Debug|Any CPU = Debug|Any CPU
		Release|Any CPU = Release|Any CPU
	EndGlobalSection
	GlobalSection(ProjectConfigurationPlatforms) = postSolution
		{EBF01E44-0EA5-407B-8922-CA3365AB9261}.Debug|Any CPU.ActiveCfg = Debug|Any CPU
		{EBF01E44-0EA5-407B-8922-CA3365AB9261}.Debug|Any CPU.Build.0 = Debug|Any CPU
		{EBF01E44-0EA5-407B-8922-CA3365AB9261}.Release|Any CPU.ActiveCfg = Release|Any CPU
		{EBF01E44-0EA5-407B-8922-CA3365AB9261}.Release|Any CPU.Build.0 = Release|Any CPU
	EndGlobalSection
	GlobalSection(SolutionProperties) = preSolution
		HideSolutionNode = FALSE
	EndGlobalSection
	GlobalSection(ExtensibilityGlobals) = postSolution
		SolutionGuid = {CB23A69E-8B66-42CC-91B9-34F0ACDEDA33}
	EndGlobalSection
EndGlobal
